<?xml version="1.0" encoding="utf-8"?>
<Project ToolsVersion="4.0" xmlns="http://schemas.microsoft.com/developer/msbuild/2003">
  <ItemGroup>
    <Filter Include="Source Files">
      <UniqueIdentifier>{4FC737F1-C7A5-4376-A066-2A32D752A2FF}</UniqueIdentifier>
      <Extensions>cpp;c;cc;cxx;c++;cppm;ixx;def;odl;idl;hpj;bat;asm;asmx</Extensions>
    </Filter>
    <Filter Include="Header Files">
      <UniqueIdentifier>{93995380-89BD-4b04-88EB-625FBE52EBFB}</UniqueIdentifier>
      <Extensions>h;hh;hpp;hxx;h++;hm;inl;inc;ipp;xsd</Extensions>
    </Filter>
    <Filter Include="Resource Files">
      <UniqueIdentifier>{67DA6AB6-F800-4c08-8B7A-83BB121AAD01}</UniqueIdentifier>
      <Extensions>rc;ico;cur;bmp;dlg;rc2;rct;bin;rgs;gif;jpg;jpeg;jpe;resx;tiff;tif;png;wav;mfcribbon-ms</Extensions>
    </Filter>
    <Filter Include="Header Files\Mouse">
      <UniqueIdentifier>{ad914d89-9677-43b6-8555-743b10fd3a46}</UniqueIdentifier>
    </Filter>
    <Filter Include="Source Files\Mouse">
      <UniqueIdentifier>{75d5af02-ba0c-4b72-b272-d36d8b4e1886}</UniqueIdentifier>
    </Filter>
    <Filter Include="Header Files\Helpers">
      <UniqueIdentifier>{53756458-adad-454e-9043-6f423fdf7bfb}</UniqueIdentifier>
    </Filter>
    <Filter Include="Source Files\Helpers">
      <UniqueIdentifier>{944144bb-f442-4549-9435-71a1956d0a35}</UniqueIdentifier>
    </Filter>
    <Filter Include="Source Files\Process">
      <UniqueIdentifier>{fbcb78d0-7d52-40ea-b519-53df149823f1}</UniqueIdentifier>
    </Filter>
    <Filter Include="Header Files\Process">
      <UniqueIdentifier>{325a9ec6-98f7-4193-b447-7101a8743e0f}</UniqueIdentifier>
    </Filter>
    <Filter Include="Source Files\Process\Hash">
      <UniqueIdentifier>{95789b7b-2e8c-434f-ba4d-204583d218fb}</UniqueIdentifier>
    </Filter>
    <Filter Include="Header Files\Process\Hash">
      <UniqueIdentifier>{14adc468-7be9-40bc-8b30-6aee7014f3a3}</UniqueIdentifier>
    </Filter>
  </ItemGroup>
  <ItemGroup>
    <ClCompile Include="Source\Entry.cpp">
      <Filter>Source Files</Filter>
    </ClCompile>
    <ClCompile Include="Source\Mouse\ClickHandler.cpp">
      <Filter>Source Files\Mouse</Filter>
    </ClCompile>
    <ClCompile Include="Source\Mouse\MouseData.cpp">
      <Filter>Source Files\Mouse</Filter>
    </ClCompile>
    <ClCompile Include="Source\Mouse\RawInputDataProcessor.cpp">
      <Filter>Source Files\Mouse</Filter>
    </ClCompile>
    <ClCompile Include="Source\Helpers\TextUtils.cpp">
      <Filter>Source Files\Helpers</Filter>
    </ClCompile>
    <ClCompile Include="Source\Process\ProcessScanner.cpp">
      <Filter>Source Files\Process</Filter>
    </ClCompile>
    <ClCompile Include="Source\Process\CheatProcessList.cpp">
      <Filter>Source Files\Process</Filter>
    </ClCompile>
    <ClCompile Include="Source\Process\Hash\UtilMD5.cpp">
      <Filter>Source Files\Process\Hash</Filter>
    </ClCompile>
    <ClCompile Include="Source\Helpers\Trie.cpp">
      <Filter>Source Files\Helpers</Filter>
    </ClCompile>
    <ClCompile Include="Source\Helpers\StringBlockList.cpp">
      <Filter>Source Files\Helpers</Filter>
    </ClCompile>
    <ClCompile Include="Source\Helpers\stdafx.cpp">
      <Filter>Source Files\Helpers</Filter>
    </ClCompile>
    <ClCompile Include="Source\Helpers\FileUtils.cpp">
      <Filter>Source Files\Helpers</Filter>
    </ClCompile>
  </ItemGroup>
  <ItemGroup>
    <ClInclude Include="Source\Entry.h">
      <Filter>Header Files</Filter>
    </ClInclude>
    <ClInclude Include="Source\Mouse\ClickLog.h">
      <Filter>Header Files\Mouse</Filter>
    </ClInclude>
    <ClInclude Include="Source\Mouse\ClickHandler.h">
      <Filter>Header Files\Mouse</Filter>
    </ClInclude>
    <ClInclude Include="Source\Mouse\MouseData.h">
      <Filter>Header Files\Mouse</Filter>
    </ClInclude>
    <ClInclude Include="Source\Mouse\RawInputDataProcessor.h">
      <Filter>Header Files\Mouse</Filter>
    </ClInclude>
    <ClInclude Include="Source\Helpers\TextUtils.h">
      <Filter>Header Files\Helpers</Filter>
    </ClInclude>
    <ClInclude Include="Source\Process\ProcessScanner.h">
      <Filter>Header Files\Process</Filter>
    </ClInclude>
    <ClInclude Include="Source\Process\CheatProcessList.h">
      <Filter>Header Files\Process</Filter>
    </ClInclude>
    <ClInclude Include="Source\Process\Hash\UtilMD5.h">
      <Filter>Header Files\Process\Hash</Filter>
    </ClInclude>
    <ClInclude Include="Source\Helpers\Trie.h">
      <Filter>Header Files\Helpers</Filter>
    </ClInclude>
    <ClInclude Include="Source\Helpers\StringBlockList.h">
      <Filter>Header Files\Helpers</Filter>
    </ClInclude>
    <ClInclude Include="Source\Helpers\stdafx.h">
      <Filter>Header Files\Helpers</Filter>
    </ClInclude>
    <ClInclude Include="Source\Helpers\FileUtils.h">
      <Filter>Header Files\Helpers</Filter>
    </ClInclude>
  </ItemGroup>
</Project>